
Microsoft Visual Studio Solution File, Format Version 12.00
# Visual Studio Version 17
VisualStudioVersion = 17.10.35027.167
MinimumVisualStudioVersion = 10.0.40219.1
Project("{FAE04EC0-301F-11D3-BF4B-00C04F79EFBC}") = "ESP8266Server", "ESP8266Server\ESP8266Server.csproj", "{A45965C2-02F8-4C2D-8022-9E4F99483EDE}"
EndProject
Global
	GlobalSection(SolutionConfigurationPlatforms) = preSolution
		Debug|Any CPU = Debug|Any CPU
		Release|Any CPU = Release|Any CPU
	EndGlobalSection
	GlobalSection(ProjectConfigurationPlatforms) = postSolution
		{A45965C2-02F8-4C2D-8022-9E4F99483EDE}.Debug|Any CPU.ActiveCfg = Debug|Any CPU
		{A45965C2-02F8-4C2D-8022-9E4F99483EDE}.Debug|Any CPU.Build.0 = Debug|Any CPU
		{A45965C2-02F8-4C2D-8022-9E4F99483EDE}.Release|Any CPU.ActiveCfg = Release|Any CPU
		{A45965C2-02F8-4C2D-8022-9E4F99483EDE}.Release|Any CPU.Build.0 = Release|Any CPU
	EndGlobalSection
	GlobalSection(SolutionProperties) = preSolution
		HideSolutionNode = FALSE
	EndGlobalSection
	GlobalSection(ExtensibilityGlobals) = postSolution
		SolutionGuid = {D32D0CA0-7CDA-4294-AA4C-27800008B202}
	EndGlobalSection
EndGlobal
